
Microsoft Visual Studio Solution File, Format Version 12.00
# Visual Studio Version 16
VisualStudioVersion = 16.0.30907.101
MinimumVisualStudioVersion = 10.0.40219.1
Project("{9A19103F-16F7-4668-BE54-9A1E7A4F7556}") = "SentenceBuilder.Data", "SentenceBuilder.Data.csproj", "{49CC67B2-36F1-43CE-87D1-4373220C066E}"
EndProject
Project("{FAE04EC0-301F-11D3-BF4B-00C04F79EFBC}") = "SentenceBuilder.Service", "..\SentenceBuilder.Service\SentenceBuilder.Service.csproj", "{94044D5D-B1F4-47AA-9B9E-6BD4880DFDC3}"
EndProject
Project("{FAE04EC0-301F-11D3-BF4B-00C04F79EFBC}") = "SentenceBuilder.Model", "..\SentenceBuilder.Model\SentenceBuilder.Model.csproj", "{424000A0-4A49-49B6-A0D1-BF99FAD4AB0D}"
EndProject
Global
	GlobalSection(SolutionConfigurationPlatforms) = preSolution
		Debug|Any CPU = Debug|Any CPU
		Release|Any CPU = Release|Any CPU
	EndGlobalSection
	GlobalSection(ProjectConfigurationPlatforms) = postSolution
		{49CC67B2-36F1-43CE-87D1-4373220C066E}.Debug|Any CPU.ActiveCfg = Debug|Any CPU
		{49CC67B2-36F1-43CE-87D1-4373220C066E}.Debug|Any CPU.Build.0 = Debug|Any CPU
		{49CC67B2-36F1-43CE-87D1-4373220C066E}.Release|Any CPU.ActiveCfg = Release|Any CPU
		{49CC67B2-36F1-43CE-87D1-4373220C066E}.Release|Any CPU.Build.0 = Release|Any CPU
		{94044D5D-B1F4-47AA-9B9E-6BD4880DFDC3}.Debug|Any CPU.ActiveCfg = Debug|Any CPU
		{94044D5D-B1F4-47AA-9B9E-6BD4880DFDC3}.Debug|Any CPU.Build.0 = Debug|Any CPU
		{94044D5D-B1F4-47AA-9B9E-6BD4880DFDC3}.Release|Any CPU.ActiveCfg = Release|Any CPU
		{94044D5D-B1F4-47AA-9B9E-6BD4880DFDC3}.Release|Any CPU.Build.0 = Release|Any CPU
		{424000A0-4A49-49B6-A0D1-BF99FAD4AB0D}.Debug|Any CPU.ActiveCfg = Debug|Any CPU
		{424000A0-4A49-49B6-A0D1-BF99FAD4AB0D}.Debug|Any CPU.Build.0 = Debug|Any CPU
		{424000A0-4A49-49B6-A0D1-BF99FAD4AB0D}.Release|Any CPU.ActiveCfg = Release|Any CPU
		{424000A0-4A49-49B6-A0D1-BF99FAD4AB0D}.Release|Any CPU.Build.0 = Release|Any CPU
	EndGlobalSection
	GlobalSection(SolutionProperties) = preSolution
		HideSolutionNode = FALSE
	EndGlobalSection
	GlobalSection(ExtensibilityGlobals) = postSolution
		SolutionGuid = {5B86777D-69D6-4EAE-AC62-C085C6D1C0E4}
	EndGlobalSection
EndGlobal
